
Microsoft Visual Studio Solution File, Format Version 12.00
Project("{FAE04EC0-301F-11D3-BF4B-00C04F79EFBC}") = "AuthorAPI", "AuthorAPI\AuthorAPI.csproj", "{0C75637F-0EBE-478E-9EBD-B3DC7B34EBC9}"
EndProject
Project("{FAE04EC0-301F-11D3-BF4B-00C04F79EFBC}") = "AuthorBlazor", "AuthorBlazor\AuthorBlazor.csproj", "{7B980DCA-B0FC-4B45-9394-DDD4B4D761D4}"
EndProject
Global
	GlobalSection(SolutionConfigurationPlatforms) = preSolution
		Debug|Any CPU = Debug|Any CPU
		Release|Any CPU = Release|Any CPU
	EndGlobalSection
	GlobalSection(ProjectConfigurationPlatforms) = postSolution
		{0C75637F-0EBE-478E-9EBD-B3DC7B34EBC9}.Debug|Any CPU.ActiveCfg = Debug|Any CPU
		{0C75637F-0EBE-478E-9EBD-B3DC7B34EBC9}.Debug|Any CPU.Build.0 = Debug|Any CPU
		{0C75637F-0EBE-478E-9EBD-B3DC7B34EBC9}.Release|Any CPU.ActiveCfg = Release|Any CPU
		{0C75637F-0EBE-478E-9EBD-B3DC7B34EBC9}.Release|Any CPU.Build.0 = Release|Any CPU
		{7B980DCA-B0FC-4B45-9394-DDD4B4D761D4}.Debug|Any CPU.ActiveCfg = Debug|Any CPU
		{7B980DCA-B0FC-4B45-9394-DDD4B4D761D4}.Debug|Any CPU.Build.0 = Debug|Any CPU
		{7B980DCA-B0FC-4B45-9394-DDD4B4D761D4}.Release|Any CPU.ActiveCfg = Release|Any CPU
		{7B980DCA-B0FC-4B45-9394-DDD4B4D761D4}.Release|Any CPU.Build.0 = Release|Any CPU
	EndGlobalSection
EndGlobal
